
Microsoft Visual Studio Solution File, Format Version 12.00
# Visual Studio Version 17
VisualStudioVersion = 17.0.31903.59
MinimumVisualStudioVersion = 10.0.40219.1
Project("{2150E333-8FDC-42A3-9474-1A3956D46DE8}") = "src", "src", "{827E0CD3-B72D-47B6-A68D-7590B98EB39B}"
EndProject
Project("{FAE04EC0-301F-11D3-BF4B-00C04F79EFBC}") = "ParagLog.Core", "src\ParagLog.Core\ParagLog.Core.csproj", "{F7702FDA-AD36-4975-ACF8-F8FF522E608D}"
EndProject
Project("{FAE04EC0-301F-11D3-BF4B-00C04F79EFBC}") = "ParagLog.Infrastructure", "src\ParagLog.Infrastructure\ParagLog.Infrastructure.csproj", "{688FFB08-880C-426B-82B6-E5FCD0E9E11D}"
EndProject
Project("{FAE04EC0-301F-11D3-BF4B-00C04F79EFBC}") = "ParagLog.Api", "src\ParagLog.Api\ParagLog.Api.csproj", "{B3D5F68E-F744-4C6E-A585-4645EBB1A764}"
EndProject
Project("{2150E333-8FDC-42A3-9474-1A3956D46DE8}") = "tests", "tests", "{0AB3BF05-4346-4AA6-1389-037BE0695223}"
EndProject
Project("{FAE04EC0-301F-11D3-BF4B-00C04F79EFBC}") = "ParagLog.UnitTests", "tests\ParagLog.UnitTests\ParagLog.UnitTests.csproj", "{7A8A64C7-9CE6-40C3-8063-79E4DCC7AD05}"
EndProject
Project("{FAE04EC0-301F-11D3-BF4B-00C04F79EFBC}") = "ParagLog.IntegrationTests", "tests\ParagLog.IntegrationTests\ParagLog.IntegrationTests.csproj", "{4171133F-A575-47DD-B86F-C177BCD5EFBE}"
EndProject
Global
	GlobalSection(SolutionConfigurationPlatforms) = preSolution
		Debug|Any CPU = Debug|Any CPU
		Debug|x64 = Debug|x64
		Debug|x86 = Debug|x86
		Release|Any CPU = Release|Any CPU
		Release|x64 = Release|x64
		Release|x86 = Release|x86
	EndGlobalSection
	GlobalSection(ProjectConfigurationPlatforms) = postSolution
		{F7702FDA-AD36-4975-ACF8-F8FF522E608D}.Debug|Any CPU.ActiveCfg = Debug|Any CPU
		{F7702FDA-AD36-4975-ACF8-F8FF522E608D}.Debug|Any CPU.Build.0 = Debug|Any CPU
		{F7702FDA-AD36-4975-ACF8-F8FF522E608D}.Debug|x64.ActiveCfg = Debug|Any CPU
		{F7702FDA-AD36-4975-ACF8-F8FF522E608D}.Debug|x64.Build.0 = Debug|Any CPU
		{F7702FDA-AD36-4975-ACF8-F8FF522E608D}.Debug|x86.ActiveCfg = Debug|Any CPU
		{F7702FDA-AD36-4975-ACF8-F8FF522E608D}.Debug|x86.Build.0 = Debug|Any CPU
		{F7702FDA-AD36-4975-ACF8-F8FF522E608D}.Release|Any CPU.ActiveCfg = Release|Any CPU
		{F7702FDA-AD36-4975-ACF8-F8FF522E608D}.Release|Any CPU.Build.0 = Release|Any CPU
		{F7702FDA-AD36-4975-ACF8-F8FF522E608D}.Release|x64.ActiveCfg = Release|Any CPU
		{F7702FDA-AD36-4975-ACF8-F8FF522E608D}.Release|x64.Build.0 = Release|Any CPU
		{F7702FDA-AD36-4975-ACF8-F8FF522E608D}.Release|x86.ActiveCfg = Release|Any CPU
		{F7702FDA-AD36-4975-ACF8-F8FF522E608D}.Release|x86.Build.0 = Release|Any CPU
		{688FFB08-880C-426B-82B6-E5FCD0E9E11D}.Debug|Any CPU.ActiveCfg = Debug|Any CPU
		{688FFB08-880C-426B-82B6-E5FCD0E9E11D}.Debug|Any CPU.Build.0 = Debug|Any CPU
		{688FFB08-880C-426B-82B6-E5FCD0E9E11D}.Debug|x64.ActiveCfg = Debug|Any CPU
		{688FFB08-880C-426B-82B6-E5FCD0E9E11D}.Debug|x64.Build.0 = Debug|Any CPU
		{688FFB08-880C-426B-82B6-E5FCD0E9E11D}.Debug|x86.ActiveCfg = Debug|Any CPU
		{688FFB08-880C-426B-82B6-E5FCD0E9E11D}.Debug|x86.Build.0 = Debug|Any CPU
		{688FFB08-880C-426B-82B6-E5FCD0E9E11D}.Release|Any CPU.ActiveCfg = Release|Any CPU
		{688FFB08-880C-426B-82B6-E5FCD0E9E11D}.Release|Any CPU.Build.0 = Release|Any CPU
		{688FFB08-880C-426B-82B6-E5FCD0E9E11D}.Release|x64.ActiveCfg = Release|Any CPU
		{688FFB08-880C-426B-82B6-E5FCD0E9E11D}.Release|x64.Build.0 = Release|Any CPU
		{688FFB08-880C-426B-82B6-E5FCD0E9E11D}.Release|x86.ActiveCfg = Release|Any CPU
		{688FFB08-880C-426B-82B6-E5FCD0E9E11D}.Release|x86.Build.0 = Release|Any CPU
		{B3D5F68E-F744-4C6E-A585-4645EBB1A764}.Debug|Any CPU.ActiveCfg = Debug|Any CPU
		{B3D5F68E-F744-4C6E-A585-4645EBB1A764}.Debug|Any CPU.Build.0 = Debug|Any CPU
		{B3D5F68E-F744-4C6E-A585-4645EBB1A764}.Debug|x64.ActiveCfg = Debug|Any CPU
		{B3D5F68E-F744-4C6E-A585-4645EBB1A764}.Debug|x64.Build.0 = Debug|Any CPU
		{B3D5F68E-F744-4C6E-A585-4645EBB1A764}.Debug|x86.ActiveCfg = Debug|Any CPU
		{B3D5F68E-F744-4C6E-A585-4645EBB1A764}.Debug|x86.Build.0 = Debug|Any CPU
		{B3D5F68E-F744-4C6E-A585-4645EBB1A764}.Release|Any CPU.ActiveCfg = Release|Any CPU
		{B3D5F68E-F744-4C6E-A585-4645EBB1A764}.Release|Any CPU.Build.0 = Release|Any CPU
		{B3D5F68E-F744-4C6E-A585-4645EBB1A764}.Release|x64.ActiveCfg = Release|Any CPU
		{B3D5F68E-F744-4C6E-A585-4645EBB1A764}.Release|x64.Build.0 = Release|Any CPU
		{B3D5F68E-F744-4C6E-A585-4645EBB1A764}.Release|x86.ActiveCfg = Release|Any CPU
		{B3D5F68E-F744-4C6E-A585-4645EBB1A764}.Release|x86.Build.0 = Release|Any CPU
		{7A8A64C7-9CE6-40C3-8063-79E4DCC7AD05}.Debug|Any CPU.ActiveCfg = Debug|Any CPU
		{7A8A64C7-9CE6-40C3-8063-79E4DCC7AD05}.Debug|Any CPU.Build.0 = Debug|Any CPU
		{7A8A64C7-9CE6-40C3-8063-79E4DCC7AD05}.Debug|x64.ActiveCfg = Debug|Any CPU
		{7A8A64C7-9CE6-40C3-8063-79E4DCC7AD05}.Debug|x64.Build.0 = Debug|Any CPU
		{7A8A64C7-9CE6-40C3-8063-79E4DCC7AD05}.Debug|x86.ActiveCfg = Debug|Any CPU
		{7A8A64C7-9CE6-40C3-8063-79E4DCC7AD05}.Debug|x86.Build.0 = Debug|Any CPU
		{7A8A64C7-9CE6-40C3-8063-79E4DCC7AD05}.Release|Any CPU.ActiveCfg = Release|Any CPU
		{7A8A64C7-9CE6-40C3-8063-79E4DCC7AD05}.Release|Any CPU.Build.0 = Release|Any CPU
		{7A8A64C7-9CE6-40C3-8063-79E4DCC7AD05}.Release|x64.ActiveCfg = Release|Any CPU
		{7A8A64C7-9CE6-40C3-8063-79E4DCC7AD05}.Release|x64.Build.0 = Release|Any CPU
		{7A8A64C7-9CE6-40C3-8063-79E4DCC7AD05}.Release|x86.ActiveCfg = Release|Any CPU
		{7A8A64C7-9CE6-40C3-8063-79E4DCC7AD05}.Release|x86.Build.0 = Release|Any CPU
		{4171133F-A575-47DD-B86F-C177BCD5EFBE}.Debug|Any CPU.ActiveCfg = Debug|Any CPU
		{4171133F-A575-47DD-B86F-C177BCD5EFBE}.Debug|Any CPU.Build.0 = Debug|Any CPU
		{4171133F-A575-47DD-B86F-C177BCD5EFBE}.Debug|x64.ActiveCfg = Debug|Any CPU
		{4171133F-A575-47DD-B86F-C177BCD5EFBE}.Debug|x64.Build.0 = Debug|Any CPU
		{4171133F-A575-47DD-B86F-C177BCD5EFBE}.Debug|x86.ActiveCfg = Debug|Any CPU
		{4171133F-A575-47DD-B86F-C177BCD5EFBE}.Debug|x86.Build.0 = Debug|Any CPU
		{4171133F-A575-47DD-B86F-C177BCD5EFBE}.Release|Any CPU.ActiveCfg = Release|Any CPU
		{4171133F-A575-47DD-B86F-C177BCD5EFBE}.Release|Any CPU.Build.0 = Release|Any CPU
		{4171133F-A575-47DD-B86F-C177BCD5EFBE}.Release|x64.ActiveCfg = Release|Any CPU
		{4171133F-A575-47DD-B86F-C177BCD5EFBE}.Release|x64.Build.0 = Release|Any CPU
		{4171133F-A575-47DD-B86F-C177BCD5EFBE}.Release|x86.ActiveCfg = Release|Any CPU
		{4171133F-A575-47DD-B86F-C177BCD5EFBE}.Release|x86.Build.0 = Release|Any CPU
	EndGlobalSection
	GlobalSection(SolutionProperties) = preSolution
		HideSolutionNode = FALSE
	EndGlobalSection
	GlobalSection(NestedProjects) = preSolution
		{F7702FDA-AD36-4975-ACF8-F8FF522E608D} = {827E0CD3-B72D-47B6-A68D-7590B98EB39B}
		{688FFB08-880C-426B-82B6-E5FCD0E9E11D} = {827E0CD3-B72D-47B6-A68D-7590B98EB39B}
		{B3D5F68E-F744-4C6E-A585-4645EBB1A764} = {827E0CD3-B72D-47B6-A68D-7590B98EB39B}
		{7A8A64C7-9CE6-40C3-8063-79E4DCC7AD05} = {0AB3BF05-4346-4AA6-1389-037BE0695223}
		{4171133F-A575-47DD-B86F-C177BCD5EFBE} = {0AB3BF05-4346-4AA6-1389-037BE0695223}
	EndGlobalSection
EndGlobal
